
Microsoft Visual Studio Solution File, Format Version 12.00
# Visual Studio Version 16
VisualStudioVersion = 16.0.29709.97
MinimumVisualStudioVersion = 10.0.40219.1
Project("{9A19103F-16F7-4668-BE54-9A1E7A4F7556}") = "OAuth", "OAuth\OAuth.csproj", "{5E05CE9A-1103-4A96-B402-36796B4B9FBF}"
EndProject
Project("{FAE04EC0-301F-11D3-BF4B-00C04F79EFBC}") = "OAuthTests", "OAuthTests\OAuthTests.csproj", "{67931F3A-2319-411B-BD22-8A52ED2F44D6}"
EndProject
Global
	GlobalSection(SolutionConfigurationPlatforms) = preSolution
		Debug|Any CPU = Debug|Any CPU
		Release|Any CPU = Release|Any CPU
	EndGlobalSection
	GlobalSection(ProjectConfigurationPlatforms) = postSolution
		{5E05CE9A-1103-4A96-B402-36796B4B9FBF}.Debug|Any CPU.ActiveCfg = Debug|Any CPU
		{5E05CE9A-1103-4A96-B402-36796B4B9FBF}.Debug|Any CPU.Build.0 = Debug|Any CPU
		{5E05CE9A-1103-4A96-B402-36796B4B9FBF}.Release|Any CPU.ActiveCfg = Release|Any CPU
		{5E05CE9A-1103-4A96-B402-36796B4B9FBF}.Release|Any CPU.Build.0 = Release|Any CPU
		{67931F3A-2319-411B-BD22-8A52ED2F44D6}.Debug|Any CPU.ActiveCfg = Debug|Any CPU
		{67931F3A-2319-411B-BD22-8A52ED2F44D6}.Debug|Any CPU.Build.0 = Debug|Any CPU
		{67931F3A-2319-411B-BD22-8A52ED2F44D6}.Release|Any CPU.ActiveCfg = Release|Any CPU
		{67931F3A-2319-411B-BD22-8A52ED2F44D6}.Release|Any CPU.Build.0 = Release|Any CPU
	EndGlobalSection
	GlobalSection(SolutionProperties) = preSolution
		HideSolutionNode = FALSE
	EndGlobalSection
	GlobalSection(ExtensibilityGlobals) = postSolution
		SolutionGuid = {95E04C92-9667-4A09-A046-BAEDEFF2B0A1}
	EndGlobalSection
EndGlobal
